// !$*UTF8*$!
{
	archiveVersion = 1;
	classes = {
	};
	objectVersion = 50;
	objects = {

/* Begin PBXBuildFile section */
		9EB4AED926B812710032A513 /* AppDelegate.swift in Sources */ = {isa = PBXBuildFile; fileRef = 9EB4AED826B812710032A513 /* AppDelegate.swift */; };
		9EB4AEDB26B812710032A513 /* SceneDelegate.swift in Sources */ = {isa = PBXBuildFile; fileRef = 9EB4AEDA26B812710032A513 /* SceneDelegate.swift */; };
		9EB4AEDD26B812710032A513 /* ViewController.swift in Sources */ = {isa = PBXBuildFile; fileRef = 9EB4AEDC26B812710032A513 /* ViewController.swift */; };
		9EB4AEE026B812710032A513 /* Main.storyboard in Resources */ = {isa = PBXBuildFile; fileRef = 9EB4AEDE26B812710032A513 /* Main.storyboard */; };
		9EB4AEE226B812730032A513 /* Assets.xcassets in Resources */ = {isa = PBXBuildFile; fileRef = 9EB4AEE126B812730032A513 /* Assets.xcassets */; };
		9EB4AEE526B812730032A513 /* LaunchScreen.storyboard in Resources */ = {isa = PBXBuildFile; fileRef = 9EB4AEE326B812730032A513 /* LaunchScreen.storyboard */; };
		9EB4AEF026B812730032A513 /* StringTests.swift in Sources */ = {isa = PBXBuildFile; fileRef = 9EB4AEEF26B812730032A513 /* StringTests.swift */; };
		9EB4AF0A26B812C40032A513 /* Tester+Strings.swift in Sources */ = {isa = PBXBuildFile; fileRef = 9EB4AF0926B812C40032A513 /* Tester+Strings.swift */; };
		9EB4AF1226B813330032A513 /* Tester.swift in Sources */ = {isa = PBXBuildFile; fileRef = 9EB4AF1026B813330032A513 /* Tester.swift */; };
		9EB4AF1326B813330032A513 /* CustomPrint.swift in Sources */ = {isa = PBXBuildFile; fileRef = 9EB4AF1126B813330032A513 /* CustomPrint.swift */; };
/* End PBXBuildFile section */

/* Begin PBXContainerItemProxy section */
		9EB4AEEC26B812730032A513 /* PBXContainerItemProxy */ = {
			isa = PBXContainerItemProxy;
			containerPortal = 9EB4AECD26B812710032A513 /* Project object */;
			proxyType = 1;
			remoteGlobalIDString = 9EB4AED426B812710032A513;
			remoteInfo = String;
		};
/* End PBXContainerItemProxy section */

/* Begin PBXFileReference section */
		9EB4AED526B812710032A513 /* String.app */ = {isa = PBXFileReference; explicitFileType = wrapper.application; includeInIndex = 0; path = String.app; sourceTree = BUILT_PRODUCTS_DIR; };
		9EB4AED826B812710032A513 /* AppDelegate.swift */ = {isa = PBXFileReference; lastKnownFileType = sourcecode.swift; path = AppDelegate.swift; sourceTree = "<group>"; };
		9EB4AEDA26B812710032A513 /* SceneDelegate.swift */ = {isa = PBXFileReference; lastKnownFileType = sourcecode.swift; path = SceneDelegate.swift; sourceTree = "<group>"; };
		9EB4AEDC26B812710032A513 /* ViewController.swift */ = {isa = PBXFileReference; lastKnownFileType = sourcecode.swift; path = ViewController.swift; sourceTree = "<group>"; };
		9EB4AEDF26B812710032A513 /* Base */ = {isa = PBXFileReference; lastKnownFileType = file.storyboard; name = Base; path = Base.lproj/Main.storyboard; sourceTree = "<group>"; };
		9EB4AEE126B812730032A513 /* Assets.xcassets */ = {isa = PBXFileReference; lastKnownFileType = folder.assetcatalog; path = Assets.xcassets; sourceTree = "<group>"; };
		9EB4AEE426B812730032A513 /* Base */ = {isa = PBXFileReference; lastKnownFileType = file.storyboard; name = Base; path = Base.lproj/LaunchScreen.storyboard; sourceTree = "<group>"; };
		9EB4AEE626B812730032A513 /* Info.plist */ = {isa = PBXFileReference; lastKnownFileType = text.plist.xml; path = Info.plist; sourceTree = "<group>"; };
		9EB4AEEB26B812730032A513 /* StringTests.xctest */ = {isa = PBXFileReference; explicitFileType = wrapper.cfbundle; includeInIndex = 0; path = StringTests.xctest; sourceTree = BUILT_PRODUCTS_DIR; };
		9EB4AEEF26B812730032A513 /* StringTests.swift */ = {isa = PBXFileReference; lastKnownFileType = sourcecode.swift; path = StringTests.swift; sourceTree = "<group>"; };
		9EB4AEF126B812730032A513 /* Info.plist */ = {isa = PBXFileReference; lastKnownFileType = text.plist.xml; path = Info.plist; sourceTree = "<group>"; };
		9EB4AF0926B812C40032A513 /* Tester+Strings.swift */ = {isa = PBXFileReference; lastKnownFileType = sourcecode.swift; path = "Tester+Strings.swift"; sourceTree = "<group>"; };
		9EB4AF1026B813330032A513 /* Tester.swift */ = {isa = PBXFileReference; fileEncoding = 4; lastKnownFileType = sourcecode.swift; path = Tester.swift; sourceTree = "<group>"; };
		9EB4AF1126B813330032A513 /* CustomPrint.swift */ = {isa = PBXFileReference; fileEncoding = 4; lastKnownFileType = sourcecode.swift; path = CustomPrint.swift; sourceTree = "<group>"; };
/* End PBXFileReference section */

/* Begin PBXFrameworksBuildPhase section */
		9EB4AED226B812710032A513 /* Frameworks */ = {
			isa = PBXFrameworksBuildPhase;
			buildActionMask = 2147483647;
			files = (
			);
			runOnlyForDeploymentPostprocessing = 0;
		};
		9EB4AEE826B812730032A513 /* Frameworks */ = {
			isa = PBXFrameworksBuildPhase;
			buildActionMask = 2147483647;
			files = (
			);
			runOnlyForDeploymentPostprocessing = 0;
		};
/* End PBXFrameworksBuildPhase section */

/* Begin PBXGroup section */
		9EB4AECC26B812700032A513 = {
			isa = PBXGroup;
			children = (
				9EB4AED726B812710032A513 /* String */,
				9EB4AEEE26B812730032A513 /* StringTests */,
				9EB4AED626B812710032A513 /* Products */,
			);
			sourceTree = "<group>";
		};
		9EB4AED626B812710032A513 /* Products */ = {
			isa = PBXGroup;
			children = (
				9EB4AED526B812710032A513 /* String.app */,
				9EB4AEEB26B812730032A513 /* StringTests.xctest */,
			);
			name = Products;
			sourceTree = "<group>";
		};
		9EB4AED726B812710032A513 /* String */ = {
			isa = PBXGroup;
			children = (
				9EB4AF0926B812C40032A513 /* Tester+Strings.swift */,
				9EB4AEDC26B812710032A513 /* ViewController.swift */,
				9EB4AF0F26B8132C0032A513 /* Tester */,
				9EB4AED826B812710032A513 /* AppDelegate.swift */,
				9EB4AEDA26B812710032A513 /* SceneDelegate.swift */,
				9EB4AEDE26B812710032A513 /* Main.storyboard */,
				9EB4AEE126B812730032A513 /* Assets.xcassets */,
				9EB4AEE326B812730032A513 /* LaunchScreen.storyboard */,
				9EB4AEE626B812730032A513 /* Info.plist */,
			);
			path = String;
			sourceTree = "<group>";
		};
		9EB4AEEE26B812730032A513 /* StringTests */ = {
			isa = PBXGroup;
			children = (
				9EB4AEEF26B812730032A513 /* StringTests.swift */,
				9EB4AEF126B812730032A513 /* Info.plist */,
			);
			path = StringTests;
			sourceTree = "<group>";
		};
		9EB4AF0F26B8132C0032A513 /* Tester */ = {
			isa = PBXGroup;
			children = (
				9EB4AF1126B813330032A513 /* CustomPrint.swift */,
				9EB4AF1026B813330032A513 /* Tester.swift */,
			);
			path = Tester;
			sourceTree = "<group>";
		};
/* End PBXGroup section */

/* Begin PBXNativeTarget section */
		9EB4AED426B812710032A513 /* String */ = {
			isa = PBXNativeTarget;
			buildConfigurationList = 9EB4AEFF26B812730032A513 /* Build configuration list for PBXNativeTarget "String" */;
			buildPhases = (
				9EB4AED126B812710032A513 /* Sources */,
				9EB4AED226B812710032A513 /* Frameworks */,
				9EB4AED326B812710032A513 /* Resources */,
			);
			buildRules = (
			);
			dependencies = (
			);
			name = String;
			productName = String;
			productReference = 9EB4AED526B812710032A513 /* String.app */;
			productType = "com.apple.product-type.application";
		};
		9EB4AEEA26B812730032A513 /* StringTests */ = {
			isa = PBXNativeTarget;
			buildConfigurationList = 9EB4AF0226B812730032A513 /* Build configuration list for PBXNativeTarget "StringTests" */;
			buildPhases = (
				9EB4AEE726B812730032A513 /* Sources */,
				9EB4AEE826B812730032A513 /* Frameworks */,
				9EB4AEE926B812730032A513 /* Resources */,
			);
			buildRules = (
			);
			dependencies = (
				9EB4AEED26B812730032A513 /* PBXTargetDependency */,
			);
			name = StringTests;
			productName = StringTests;
			productReference = 9EB4AEEB26B812730032A513 /* StringTests.xctest */;
			productType = "com.apple.product-type.bundle.unit-test";
		};
/* End PBXNativeTarget section */

/* Begin PBXProject section */
		9EB4AECD26B812710032A513 /* Project object */ = {
			isa = PBXProject;
			attributes = {
				LastSwiftUpdateCheck = 1250;
				LastUpgradeCheck = 1250;
				TargetAttributes = {
					9EB4AED426B812710032A513 = {
						CreatedOnToolsVersion = 12.5;
					};
					9EB4AEEA26B812730032A513 = {
						CreatedOnToolsVersion = 12.5;
						TestTargetID = 9EB4AED426B812710032A513;
					};
				};
			};
			buildConfigurationList = 9EB4AED026B812710032A513 /* Build configuration list for PBXProject "String" */;
			compatibilityVersion = "Xcode 9.3";
			developmentRegion = en;
			hasScannedForEncodings = 0;
			knownRegions = (
				en,
				Base,
			);
			mainGroup = 9EB4AECC26B812700032A513;
			productRefGroup = 9EB4AED626B812710032A513 /* Products */;
			projectDirPath = "";
			projectRoot = "";
			targets = (
				9EB4AED426B812710032A513 /* String */,
				9EB4AEEA26B812730032A513 /* StringTests */,
			);
		};
/* End PBXProject section */

/* Begin PBXResourcesBuildPhase section */
		9EB4AED326B812710032A513 /* Resources */ = {
			isa = PBXResourcesBuildPhase;
			buildActionMask = 2147483647;
			files = (
				9EB4AEE526B812730032A513 /* LaunchScreen.storyboard in Resources */,
				9EB4AEE226B812730032A513 /* Assets.xcassets in Resources */,
				9EB4AEE026B812710032A513 /* Main.storyboard in Resources */,
			);
			runOnlyForDeploymentPostprocessing = 0;
		};
		9EB4AEE926B812730032A513 /* Resources */ = {
			isa = PBXResourcesBuildPhase;
			buildActionMask = 2147483647;
			files = (
			);
			runOnlyForDeploymentPostprocessing = 0;
		};
/* End PBXResourcesBuildPhase section */

/* Begin PBXSourcesBuildPhase section */
		9EB4AED126B812710032A513 /* Sources */ = {
			isa = PBXSourcesBuildPhase;
			buildActionMask = 2147483647;
			files = (
				9EB4AF1326B813330032A513 /* CustomPrint.swift in Sources */,
				9EB4AEDD26B812710032A513 /* ViewController.swift in Sources */,
				9EB4AF1226B813330032A513 /* Tester.swift in Sources */,
				9EB4AED926B812710032A513 /* AppDelegate.swift in Sources */,
				9EB4AEDB26B812710032A513 /* SceneDelegate.swift in Sources */,
				9EB4AF0A26B812C40032A513 /* Tester+Strings.swift in Sources */,
			);
			runOnlyForDeploymentPostprocessing = 0;
		};
		9EB4AEE726B812730032A513 /* Sources */ = {
			isa = PBXSourcesBuildPhase;
			buildActionMask = 2147483647;
			files = (
				9EB4AEF026B812730032A513 /* StringTests.swift in Sources */,
			);
			runOnlyForDeploymentPostprocessing = 0;
		};
/* End PBXSourcesBuildPhase section */

/* Begin PBXTargetDependency section */
		9EB4AEED26B812730032A513 /* PBXTargetDependency */ = {
			isa = PBXTargetDependency;
			target = 9EB4AED426B812710032A513 /* String */;
			targetProxy = 9EB4AEEC26B812730032A513 /* PBXContainerItemProxy */;
		};
/* End PBXTargetDependency section */

/* Begin PBXVariantGroup section */
		9EB4AEDE26B812710032A513 /* Main.storyboard */ = {
			isa = PBXVariantGroup;
			children = (
				9EB4AEDF26B812710032A513 /* Base */,
			);
			name = Main.storyboard;
			sourceTree = "<group>";
		};
		9EB4AEE326B812730032A513 /* LaunchScreen.storyboard */ = {
			isa = PBXVariantGroup;
			children = (
				9EB4AEE426B812730032A513 /* Base */,
			);
			name = LaunchScreen.storyboard;
			sourceTree = "<group>";
		};
/* End PBXVariantGroup section */

/* Begin XCBuildConfiguration section */
		9EB4AEFD26B812730032A513 /* Debug */ = {
			isa = XCBuildConfiguration;
			buildSettings = {
				ALWAYS_SEARCH_USER_PATHS = NO;
				CLANG_ANALYZER_NONNULL = YES;
				CLANG_ANALYZER_NUMBER_OBJECT_CONVERSION = YES_AGGRESSIVE;
				CLANG_CXX_LANGUAGE_STANDARD = "gnu++14";
				CLANG_CXX_LIBRARY = "libc++";
				CLANG_ENABLE_MODULES = YES;
				CLANG_ENABLE_OBJC_ARC = YES;
				CLANG_ENABLE_OBJC_WEAK = YES;
				CLANG_WARN_BLOCK_CAPTURE_AUTORELEASING = YES;
				CLANG_WARN_BOOL_CONVERSION = YES;
				CLANG_WARN_COMMA = YES;
				CLANG_WARN_CONSTANT_CONVERSION = YES;
				CLANG_WARN_DEPRECATED_OBJC_IMPLEMENTATIONS = YES;
				CLANG_WARN_DIRECT_OBJC_ISA_USAGE = YES_ERROR;
				CLANG_WARN_DOCUMENTATION_COMMENTS = YES;
				CLANG_WARN_EMPTY_BODY = YES;
				CLANG_WARN_ENUM_CONVERSION = YES;
				CLANG_WARN_INFINITE_RECURSION = YES;
				CLANG_WARN_INT_CONVERSION = YES;
				CLANG_WARN_NON_LITERAL_NULL_CONVERSION = YES;
				CLANG_WARN_OBJC_IMPLICIT_RETAIN_SELF = YES;
				CLANG_WARN_OBJC_LITERAL_CONVERSION = YES;
				CLANG_WARN_OBJC_ROOT_CLASS = YES_ERROR;
				CLANG_WARN_QUOTED_INCLUDE_IN_FRAMEWORK_HEADER = YES;
				CLANG_WARN_RANGE_LOOP_ANALYSIS = YES;
				CLANG_WARN_STRICT_PROTOTYPES = YES;
				CLANG_WARN_SUSPICIOUS_MOVE = YES;
				CLANG_WARN_UNGUARDED_AVAILABILITY = YES_AGGRESSIVE;
				CLANG_WARN_UNREACHABLE_CODE = YES;
				CLANG_WARN__DUPLICATE_METHOD_MATCH = YES;
				COPY_PHASE_STRIP = NO;
				DEBUG_INFORMATION_FORMAT = dwarf;
				ENABLE_STRICT_OBJC_MSGSEND = YES;
				ENABLE_TESTABILITY = YES;
				GCC_C_LANGUAGE_STANDARD = gnu11;
				GCC_DYNAMIC_NO_PIC = NO;
				GCC_NO_COMMON_BLOCKS = YES;
				GCC_OPTIMIZATION_LEVEL = 0;
				GCC_PREPROCESSOR_DEFINITIONS = (
					"DEBUG=1",
					"$(inherited)",
				);
				GCC_WARN_64_TO_32_BIT_CONVERSION = YES;
				GCC_WARN_ABOUT_RETURN_TYPE = YES_ERROR;
				GCC_WARN_UNDECLARED_SELECTOR = YES;
				GCC_WARN_UNINITIALIZED_AUTOS = YES_AGGRESSIVE;
				GCC_WARN_UNUSED_FUNCTION = YES;
				GCC_WARN_UNUSED_VARIABLE = YES;
				IPHONEOS_DEPLOYMENT_TARGET = 14.1;
				MTL_ENABLE_DEBUG_INFO = INCLUDE_SOURCE;
				MTL_FAST_MATH = YES;
				ONLY_ACTIVE_ARCH = YES;
				SDKROOT = iphoneos;
				SWIFT_ACTIVE_COMPILATION_CONDITIONS = DEBUG;
				SWIFT_OPTIMIZATION_LEVEL = "-Onone";
			};
			name = Debug;
		};
		9EB4AEFE26B812730032A513 /* Release */ = {
			isa = XCBuildConfiguration;
			buildSettings = {
				ALWAYS_SEARCH_USER_PATHS = NO;
				CLANG_ANALYZER_NONNULL = YES;
				CLANG_ANALYZER_NUMBER_OBJECT_CONVERSION = YES_AGGRESSIVE;
				CLANG_CXX_LANGUAGE_STANDARD = "gnu++14";
				CLANG_CXX_LIBRARY = "libc++";
				CLANG_ENABLE_MODULES = YES;
				CLANG_ENABLE_OBJC_ARC = YES;
				CLANG_ENABLE_OBJC_WEAK = YES;
				CLANG_WARN_BLOCK_CAPTURE_AUTORELEASING = YES;
				CLANG_WARN_BOOL_CONVERSION = YES;
				CLANG_WARN_COMMA = YES;
				CLANG_WARN_CONSTANT_CONVERSION = YES;
				CLANG_WARN_DEPRECATED_OBJC_IMPLEMENTATIONS = YES;
				CLANG_WARN_DIRECT_OBJC_ISA_USAGE = YES_ERROR;
				CLANG_WARN_DOCUMENTATION_COMMENTS = YES;
				CLANG_WARN_EMPTY_BODY = YES;
				CLANG_WARN_ENUM_CONVERSION = YES;
				CLANG_WARN_INFINITE_RECURSION = YES;
				CLANG_WARN_INT_CONVERSION = YES;
				CLANG_WARN_NON_LITERAL_NULL_CONVERSION = YES;
				CLANG_WARN_OBJC_IMPLICIT_RETAIN_SELF = YES;
				CLANG_WARN_OBJC_LITERAL_CONVERSION = YES;
				CLANG_WARN_OBJC_ROOT_CLASS = YES_ERROR;
				CLANG_WARN_QUOTED_INCLUDE_IN_FRAMEWORK_HEADER = YES;
				CLANG_WARN_RANGE_LOOP_ANALYSIS = YES;
				CLANG_WARN_STRICT_PROTOTYPES = YES;
				CLANG_WARN_SUSPICIOUS_MOVE = YES;
				CLANG_WARN_UNGUARDED_AVAILABILITY = YES_AGGRESSIVE;
				CLANG_WARN_UNREACHABLE_CODE = YES;
				CLANG_WARN__DUPLICATE_METHOD_MATCH = YES;
				COPY_PHASE_STRIP = NO;
				DEBUG_INFORMATION_FORMAT = "dwarf-with-dsym";
				ENABLE_NS_ASSERTIONS = NO;
				ENABLE_STRICT_OBJC_MSGSEND = YES;
				GCC_C_LANGUAGE_STANDARD = gnu11;
				GCC_NO_COMMON_BLOCKS = YES;
				GCC_WARN_64_TO_32_BIT_CONVERSION = YES;
				GCC_WARN_ABOUT_RETURN_TYPE = YES_ERROR;
				GCC_WARN_UNDECLARED_SELECTOR = YES;
				GCC_WARN_UNINITIALIZED_AUTOS = YES_AGGRESSIVE;
				GCC_WARN_UNUSED_FUNCTION = YES;
				GCC_WARN_UNUSED_VARIABLE = YES;
				IPHONEOS_DEPLOYMENT_TARGET = 14.1;
				MTL_ENABLE_DEBUG_INFO = NO;
				MTL_FAST_MATH = YES;
				SDKROOT = iphoneos;
				SWIFT_COMPILATION_MODE = wholemodule;
				SWIFT_OPTIMIZATION_LEVEL = "-O";
				VALIDATE_PRODUCT = YES;
			};
			name = Release;
		};
		9EB4AF0026B812730032A513 /* Debug */ = {
			isa = XCBuildConfiguration;
			buildSettings = {
				ASSETCATALOG_COMPILER_APPICON_NAME = AppIcon;
				ASSETCATALOG_COMPILER_GLOBAL_ACCENT_COLOR_NAME = AccentColor;
				CODE_SIGN_STYLE = Automatic;
				DEVELOPMENT_TEAM = "";
				INFOPLIST_FILE = String/Info.plist;
				LD_RUNPATH_SEARCH_PATHS = (
					"$(inherited)",
					"@executable_path/Frameworks",
				);
				PRODUCT_BUNDLE_IDENTIFIER = lukeRave.String;
				PRODUCT_NAME = "$(TARGET_NAME)";
				SWIFT_VERSION = 5.0;
				TARGETED_DEVICE_FAMILY = "1,2";
			};
			name = Debug;
		};
		9EB4AF0126B812730032A513 /* Release */ = {
			isa = XCBuildConfiguration;
			buildSettings = {
				ASSETCATALOG_COMPILER_APPICON_NAME = AppIcon;
				ASSETCATALOG_COMPILER_GLOBAL_ACCENT_COLOR_NAME = AccentColor;
				CODE_SIGN_STYLE = Automatic;
				DEVELOPMENT_TEAM = "";
				INFOPLIST_FILE = String/Info.plist;
				LD_RUNPATH_SEARCH_PATHS = (
					"$(inherited)",
					"@executable_path/Frameworks",
				);
				PRODUCT_BUNDLE_IDENTIFIER = lukeRave.String;
				PRODUCT_NAME = "$(TARGET_NAME)";
				SWIFT_VERSION = 5.0;
				TARGETED_DEVICE_FAMILY = "1,2";
			};
			name = Release;
		};
		9EB4AF0326B812730032A513 /* Debug */ = {
			isa = XCBuildConfiguration;
			buildSettings = {
				ALWAYS_EMBED_SWIFT_STANDARD_LIBRARIES = YES;
				BUNDLE_LOADER = "$(TEST_HOST)";
				CODE_SIGN_STYLE = Automatic;
				DEVELOPMENT_TEAM = D3T46735XP;
				INFOPLIST_FILE = StringTests/Info.plist;
				IPHONEOS_DEPLOYMENT_TARGET = 14.1;
				LD_RUNPATH_SEARCH_PATHS = (
					"$(inherited)",
					"@executable_path/Frameworks",
					"@loader_path/Frameworks",
				);
				PRODUCT_BUNDLE_IDENTIFIER = lukeRave.StringTests;
				PRODUCT_NAME = "$(TARGET_NAME)";
				SWIFT_VERSION = 5.0;
				TARGETED_DEVICE_FAMILY = "1,2";
				TEST_HOST = "$(BUILT_PRODUCTS_DIR)/String.app/String";
			};
			name = Debug;
		};
		9EB4AF0426B812730032A513 /* Release */ = {
			isa = XCBuildConfiguration;
			buildSettings = {
				ALWAYS_EMBED_SWIFT_STANDARD_LIBRARIES = YES;
				BUNDLE_LOADER = "$(TEST_HOST)";
				CODE_SIGN_STYLE = Automatic;
				DEVELOPMENT_TEAM = D3T46735XP;
				INFOPLIST_FILE = StringTests/Info.plist;
				IPHONEOS_DEPLOYMENT_TARGET = 14.1;
				LD_RUNPATH_SEARCH_PATHS = (
					"$(inherited)",
					"@executable_path/Frameworks",
					"@loader_path/Frameworks",
				);
				PRODUCT_BUNDLE_IDENTIFIER = lukeRave.StringTests;
				PRODUCT_NAME = "$(TARGET_NAME)";
				SWIFT_VERSION = 5.0;
				TARGETED_DEVICE_FAMILY = "1,2";
				TEST_HOST = "$(BUILT_PRODUCTS_DIR)/String.app/String";
			};
			name = Release;
		};
/* End XCBuildConfiguration section */

/* Begin XCConfigurationList section */
		9EB4AED026B812710032A513 /* Build configuration list for PBXProject "String" */ = {
			isa = XCConfigurationList;
			buildConfigurations = (
				9EB4AEFD26B812730032A513 /* Debug */,
				9EB4AEFE26B812730032A513 /* Release */,
			);
			defaultConfigurationIsVisible = 0;
			defaultConfigurationName = Release;
		};
		9EB4AEFF26B812730032A513 /* Build configuration list for PBXNativeTarget "String" */ = {
			isa = XCConfigurationList;
			buildConfigurations = (
				9EB4AF0026B812730032A513 /* Debug */,
				9EB4AF0126B812730032A513 /* Release */,
			);
			defaultConfigurationIsVisible = 0;
			defaultConfigurationName = Release;
		};
		9EB4AF0226B812730032A513 /* Build configuration list for PBXNativeTarget "StringTests" */ = {
			isa = XCConfigurationList;
			buildConfigurations = (
				9EB4AF0326B812730032A513 /* Debug */,
				9EB4AF0426B812730032A513 /* Release */,
			);
			defaultConfigurationIsVisible = 0;
			defaultConfigurationName = Release;
		};
/* End XCConfigurationList section */
	};
	rootObject = 9EB4AECD26B812710032A513 /* Project object */;
}
